
Microsoft Visual Studio Solution File, Format Version 12.00
# Visual Studio 15
Project("{FAE04EC0-301F-11D3-BF4B-00C04F79EFBC}") = "reactWithAspNet.Backend", "reactWithAspNet.Backend\reactWithAspNet.Backend.csproj", "{26EFE347-038D-475D-A46B-0778B3046EAA}"
EndProject
Global
	GlobalSection(SolutionConfigurationPlatforms) = preSolution
		Debug|Any CPU = Debug|Any CPU
		Release|Any CPU = Release|Any CPU
	EndGlobalSection
	GlobalSection(ProjectConfigurationPlatforms) = postSolution
		{26EFE347-038D-475D-A46B-0778B3046EAA}.Debug|Any CPU.ActiveCfg = Debug|Any CPU
		{26EFE347-038D-475D-A46B-0778B3046EAA}.Debug|Any CPU.Build.0 = Debug|Any CPU
		{26EFE347-038D-475D-A46B-0778B3046EAA}.Release|Any CPU.ActiveCfg = Release|Any CPU
		{26EFE347-038D-475D-A46B-0778B3046EAA}.Release|Any CPU.Build.0 = Release|Any CPU
	EndGlobalSection
EndGlobal
